
Microsoft Visual Studio Solution File, Format Version 12.00
# Visual Studio 15
VisualStudioVersion = 15.0.28307.572
MinimumVisualStudioVersion = 10.0.40219.1
Project("{FAE04EC0-301F-11D3-BF4B-00C04F79EFBC}") = "Simple CRUD in Windows Form ADO", "Simple CRUD in Windows Form ADO\Simple CRUD in Windows Form ADO.csproj", "{430611B1-35CB-4B7E-BF9E-FB4BA5469E23}"
EndProject
Global
	GlobalSection(SolutionConfigurationPlatforms) = preSolution
		Debug|Any CPU = Debug|Any CPU
		Release|Any CPU = Release|Any CPU
	EndGlobalSection
	GlobalSection(ProjectConfigurationPlatforms) = postSolution
		{430611B1-35CB-4B7E-BF9E-FB4BA5469E23}.Debug|Any CPU.ActiveCfg = Debug|Any CPU
		{430611B1-35CB-4B7E-BF9E-FB4BA5469E23}.Debug|Any CPU.Build.0 = Debug|Any CPU
		{430611B1-35CB-4B7E-BF9E-FB4BA5469E23}.Release|Any CPU.ActiveCfg = Release|Any CPU
		{430611B1-35CB-4B7E-BF9E-FB4BA5469E23}.Release|Any CPU.Build.0 = Release|Any CPU
	EndGlobalSection
	GlobalSection(SolutionProperties) = preSolution
		HideSolutionNode = FALSE
	EndGlobalSection
	GlobalSection(ExtensibilityGlobals) = postSolution
		SolutionGuid = {1F11A2EF-514A-48A1-9F63-DAE638EA0BC4}
	EndGlobalSection
EndGlobal
